
Microsoft Visual Studio Solution File, Format Version 12.00
# Visual Studio 15
VisualStudioVersion = 15.0.28307.1500
MinimumVisualStudioVersion = 10.0.40219.1
Project("{FAE04EC0-301F-11D3-BF4B-00C04F79EFBC}") = "VoiceToTextDemo", "VoiceToTextDemo\VoiceToTextDemo.csproj", "{CE973B0C-6D98-4037-A4B9-CE4090F25472}"
EndProject
Global
	GlobalSection(SolutionConfigurationPlatforms) = preSolution
		Debug|Any CPU = Debug|Any CPU
		Release|Any CPU = Release|Any CPU
	EndGlobalSection
	GlobalSection(ProjectConfigurationPlatforms) = postSolution
		{CE973B0C-6D98-4037-A4B9-CE4090F25472}.Debug|Any CPU.ActiveCfg = Debug|Any CPU
		{CE973B0C-6D98-4037-A4B9-CE4090F25472}.Debug|Any CPU.Build.0 = Debug|Any CPU
		{CE973B0C-6D98-4037-A4B9-CE4090F25472}.Release|Any CPU.ActiveCfg = Release|Any CPU
		{CE973B0C-6D98-4037-A4B9-CE4090F25472}.Release|Any CPU.Build.0 = Release|Any CPU
	EndGlobalSection
	GlobalSection(SolutionProperties) = preSolution
		HideSolutionNode = FALSE
	EndGlobalSection
	GlobalSection(ExtensibilityGlobals) = postSolution
		SolutionGuid = {3F4AABF6-F4E0-4EB1-BC02-5C8484E0BFCC}
	EndGlobalSection
EndGlobal
